# This file was autogenerated by uv via the following command:
#    uv pip compile backend/requirements.txt --python-version 3.12 --offline -o backend/requirements.lock
annotated-types==0.8.0
    # via pydantic
anyio==4.15.0
    # via starlette
click==8.5.0
    # via uvicorn
fastapi==0.116.1
    # via -r backend/requirements.txt
greenlet==3.5.5
    # via sqlalchemy
h11==0.16.0
    # via uvicorn
idna==3.19
    # via anyio
psycopg==3.2.9
    # via -r backend/requirements.txt
psycopg-binary==3.2.9
    # via psycopg
pydantic==2.11.7
    # via
    #   -r backend/requirements.txt
    #   fastapi
    #   pydantic-settings
pydantic-core==2.33.2
    # via pydantic
pydantic-settings==2.10.1
    # via -r backend/requirements.txt
python-dotenv==1.2.3
    # via pydantic-settings
python-magic==0.4.27
    # via -r backend/requirements.txt
python-multipart==0.0.20
    # via -r backend/requirements.txt
sqlalchemy==2.0.43
    # via -r backend/requirements.txt
starlette==0.47.3
    # via fastapi
typing-extensions==4.16.0
    # via
    #   anyio
    #   fastapi
    #   psycopg
    #   pydantic
    #   pydantic-core
    #   sqlalchemy
    #   starlette
    #   typing-inspection
typing-inspection==0.4.4
    # via
    #   pydantic
    #   pydantic-settings
uvicorn==0.35.0
    # via -r backend/requirements.txt
